<?xml version="1.0" encoding="utf-8"?>
<Project DefaultTargets="Build" ToolsVersion="4.0" xmlns="http://schemas.microsoft.com/developer/msbuild/2003">
  <PropertyGroup>
    <Configuration Condition=" '$(Configuration)' == '' ">Debug</Configuration>
    <Platform Condition=" '$(Platform)' == '' ">AnyCPU</Platform>
    <ProjectGuid>{09DBD8D6-ABFA-44FA-8159-5833CD58320F}</ProjectGuid>
    <BaseDirectory>.</BaseDirectory>
    <Compiler>DMD2</Compiler>
    <PreferOneStepBuild>true</PreferOneStepBuild>
    <UseDefaultCompiler>true</UseDefaultCompiler>
    <IncrementalLinking>true</IncrementalLinking>
  </PropertyGroup>
  <PropertyGroup Condition=" '$(Configuration)|$(Platform)' == 'Debug|AnyCPU' ">
    <DebugSymbols>true</DebugSymbols>
    <OutputPath>bin\Debug</OutputPath>
    <ObjectsDirectory>obj/Debug</ObjectsDirectory>
    <LinkinThirdPartyLibraries>false</LinkinThirdPartyLibraries>
    <UnittestMode>false</UnittestMode>
    <OutputName>DTunnel</OutputName>
    <Target>Executable</Target>
    <Externalconsole>true</Externalconsole>
    <DebugLevel>0</DebugLevel>
  </PropertyGroup>
  <PropertyGroup Condition=" '$(Configuration)|$(Platform)' == 'Release|AnyCPU' ">
    <OutputPath>bin\Release</OutputPath>
    <ObjectsDirectory>obj/Release</ObjectsDirectory>
    <LinkinThirdPartyLibraries>false</LinkinThirdPartyLibraries>
    <UnittestMode>false</UnittestMode>
    <OutputName>DTunnel</OutputName>
    <Target>Executable</Target>
    <Externalconsole>true</Externalconsole>
    <DebugLevel>0</DebugLevel>
  </PropertyGroup>
  <PropertyGroup Condition=" '$(Configuration)|$(Platform)' == 'Unittest|AnyCPU' ">
    <DebugSymbols>true</DebugSymbols>
    <OutputPath>bin\Unittest</OutputPath>
    <ObjectsDirectory>obj/Unittest</ObjectsDirectory>
    <LinkinThirdPartyLibraries>false</LinkinThirdPartyLibraries>
    <UnittestMode>true</UnittestMode>
    <OutputName>DTunnel</OutputName>
    <Target>Executable</Target>
    <Externalconsole>true</Externalconsole>
    <DebugLevel>0</DebugLevel>
  </PropertyGroup>
  <ItemGroup>
    <Compile Include="main.d" />
    <Compile Include="aliases.d" />
    <Compile Include="tuntap.d" />
    <Compile Include="file_descriptor.d" />
    <Compile Include="options.d" />
    <Compile Include="input_channel.d" />
    <Compile Include="output_channel.d" />
    <Compile Include="tunnel_session.d" />
    <Compile Include="socket_extentions.d" />
    <Compile Include="client_details.d" />
    <Compile Include="tunnel_server.d" />
    <Compile Include="tunnel_client.d" />
  </ItemGroup>
</Project>
